<?xml version="1.0" encoding="utf-8"?>
<Project ToolsVersion="4.0" xmlns="http://schemas.microsoft.com/developer/msbuild/2003">
  <ItemGroup>
    <Filter Include="Source Files">
      <UniqueIdentifier>{4FC737F1-C7A5-4376-A066-2A32D752A2FF}</UniqueIdentifier>
      <Extensions>cpp;c;cc;cxx;def;odl;idl;hpj;bat;asm;asmx</Extensions>
    </Filter>
    <Filter Include="Header Files">
      <UniqueIdentifier>{93995380-89BD-4b04-88EB-625FBE52EBFB}</UniqueIdentifier>
      <Extensions>h;hh;hpp;hxx;hm;inl;inc;ipp;xsd</Extensions>
    </Filter>
    <Filter Include="Resource Files">
      <UniqueIdentifier>{67DA6AB6-F800-4c08-8B7A-83BB121AAD01}</UniqueIdentifier>
      <Extensions>rc;ico;cur;bmp;dlg;rc2;rct;bin;rgs;gif;jpg;jpeg;jpe;resx;tiff;tif;png;wav;mfcribbon-ms</Extensions>
    </Filter>
    <Filter Include="Object">
      <UniqueIdentifier>{219a26a7-8948-4e18-93bd-c8251d4ff7dd}</UniqueIdentifier>
    </Filter>
    <Filter Include="Object\Candle">
      <UniqueIdentifier>{fab61537-bcd8-4d42-8dd2-5b06038a8772}</UniqueIdentifier>
    </Filter>
    <Filter Include="Object\Fire">
      <UniqueIdentifier>{f8d8de9e-fd72-491b-8764-83961e48b29c}</UniqueIdentifier>
    </Filter>
    <Filter Include="Object\Player">
      <UniqueIdentifier>{c8682169-f576-46b3-a7d3-0692cb8d9301}</UniqueIdentifier>
    </Filter>
    <Filter Include="Basic">
      <UniqueIdentifier>{91be7450-9fc4-4e16-8a06-03fac4b4c5a3}</UniqueIdentifier>
    </Filter>
    <Filter Include="Basic\Animation">
      <UniqueIdentifier>{02a95502-ac77-48d3-9e22-7517e4a19a61}</UniqueIdentifier>
    </Filter>
    <Filter Include="Basic\Camera">
      <UniqueIdentifier>{225ab26a-ab78-4564-ae8f-4c51b310b2bb}</UniqueIdentifier>
    </Filter>
    <Filter Include="Basic\Key">
      <UniqueIdentifier>{327b6876-ae7c-4a8b-9fca-a67c17760606}</UniqueIdentifier>
    </Filter>
    <Filter Include="Basic\GameTexture">
      <UniqueIdentifier>{c544bc1f-35ca-42ac-a798-a7a19fc8cdb8}</UniqueIdentifier>
    </Filter>
    <Filter Include="Basic\Sprite">
      <UniqueIdentifier>{650f6faa-3c40-4bca-826f-8c93572ec3d1}</UniqueIdentifier>
    </Filter>
    <Filter Include="Basic\Tilemap">
      <UniqueIdentifier>{f24f66eb-f717-4af1-b470-5c958fe759c1}</UniqueIdentifier>
    </Filter>
    <Filter Include="Basic\WindowGame">
      <UniqueIdentifier>{43d1687d-2b9d-46a5-86b1-ed2d1293bbee}</UniqueIdentifier>
    </Filter>
    <Filter Include="Basic\SpriteManager">
      <UniqueIdentifier>{b7cd7388-0623-4090-ae29-9e9643278dec}</UniqueIdentifier>
    </Filter>
    <Filter Include="Basic\GameTime">
      <UniqueIdentifier>{01f80762-91de-4193-bc86-64935bde5c9b}</UniqueIdentifier>
    </Filter>
    <Filter Include="Basic\GameDirectX">
      <UniqueIdentifier>{e15de879-ffa6-438e-9068-93d144282be3}</UniqueIdentifier>
    </Filter>
    <Filter Include="Basic\FrameAnimation">
      <UniqueIdentifier>{6f58c98f-0bdd-4f0f-ae8b-92373cd55e14}</UniqueIdentifier>
    </Filter>
    <Filter Include="Basic\GameConfig">
      <UniqueIdentifier>{d03cd28c-8d74-432a-be66-85f6d8ade476}</UniqueIdentifier>
    </Filter>
    <Filter Include="Basic\Collision">
      <UniqueIdentifier>{fc4d2f28-11eb-4f2a-b544-f2c1098bec0d}</UniqueIdentifier>
    </Filter>
    <Filter Include="Basic\GameUtils">
      <UniqueIdentifier>{eb8185ff-29d8-45d5-9a5b-14bde1d7ab0c}</UniqueIdentifier>
    </Filter>
    <Filter Include="Object\MorningStar">
      <UniqueIdentifier>{8279300d-a9a4-4a9e-b42e-c89fea917a4e}</UniqueIdentifier>
    </Filter>
    <Filter Include="Object\Gate1">
      <UniqueIdentifier>{ea7ba1e1-82cd-4c58-a100-0baa2e28c51f}</UniqueIdentifier>
    </Filter>
    <Filter Include="Object\Stair">
      <UniqueIdentifier>{7265cddd-5353-41e8-b4e1-fb7161c1ee1b}</UniqueIdentifier>
    </Filter>
    <Filter Include="Basic\ScoreBar">
      <UniqueIdentifier>{0477e4a3-4953-495a-b04b-677f39176826}</UniqueIdentifier>
    </Filter>
    <Filter Include="Object\Enemy">
      <UniqueIdentifier>{9fbf8c13-49d7-45ca-8d05-c8afc9bf5514}</UniqueIdentifier>
    </Filter>
    <Filter Include="Object\Enemy\Panther">
      <UniqueIdentifier>{2612b7c5-7204-4c11-9a29-67e6c853b894}</UniqueIdentifier>
    </Filter>
    <Filter Include="Object\Enemy\Zombie">
      <UniqueIdentifier>{41aad217-0c6d-4c00-bcdc-1513c59ff2a1}</UniqueIdentifier>
    </Filter>
    <Filter Include="Object\Scobar">
      <UniqueIdentifier>{ac14b560-ade6-4ab8-a722-94f35b9bc189}</UniqueIdentifier>
    </Filter>
    <Filter Include="Object\EndStair">
      <UniqueIdentifier>{be58cf5b-f4b5-4b12-8008-29844697eac3}</UniqueIdentifier>
    </Filter>
    <Filter Include="Object\Item">
      <UniqueIdentifier>{72a4de05-f4b6-4121-bb30-7857b3bb7e25}</UniqueIdentifier>
    </Filter>
    <Filter Include="Object\Item\ItemHeart">
      <UniqueIdentifier>{0ca9b361-3bc0-45bc-9dc9-7efeb11144cc}</UniqueIdentifier>
    </Filter>
  </ItemGroup>
  <ItemGroup>
    <ClInclude Include="List.h">
      <Filter>Header Files</Filter>
    </ClInclude>
    <ClInclude Include="CollisionType.h">
      <Filter>Header Files</Filter>
    </ClInclude>
    <ClInclude Include="CollisionTypeCollide.h">
      <Filter>Header Files</Filter>
    </ClInclude>
    <ClInclude Include="Space.h">
      <Filter>Header Files</Filter>
    </ClInclude>
    <ClInclude Include="PhysicsObject.h">
      <Filter>Object</Filter>
    </ClInclude>
    <ClInclude Include="Candle.h">
      <Filter>Object\Candle</Filter>
    </ClInclude>
    <ClInclude Include="Fire.h">
      <Filter>Object\Fire</Filter>
    </ClInclude>
    <ClInclude Include="Zombie.h">
      <Filter>Object\Enemy\Zombie</Filter>
    </ClInclude>
    <ClInclude Include="Player.h">
      <Filter>Object\Player</Filter>
    </ClInclude>
    <ClInclude Include="BaseObject.h">
      <Filter>Object</Filter>
    </ClInclude>
    <ClInclude Include="Animation.h">
      <Filter>Basic\Animation</Filter>
    </ClInclude>
    <ClInclude Include="Camera.h">
      <Filter>Basic\Camera</Filter>
    </ClInclude>
    <ClInclude Include="Game.h">
      <Filter>Basic</Filter>
    </ClInclude>
    <ClInclude Include="KEY.h">
      <Filter>Basic\Key</Filter>
    </ClInclude>
    <ClInclude Include="GameTexture.h">
      <Filter>Basic\GameTexture</Filter>
    </ClInclude>
    <ClInclude Include="Sprite.h">
      <Filter>Basic\Sprite</Filter>
    </ClInclude>
    <ClInclude Include="Tilemap.h">
      <Filter>Basic\Tilemap</Filter>
    </ClInclude>
    <ClInclude Include="World.h">
      <Filter>Basic</Filter>
    </ClInclude>
    <ClInclude Include="WindowGame.h">
      <Filter>Basic\WindowGame</Filter>
    </ClInclude>
    <ClInclude Include="SpriteManager.h">
      <Filter>Basic\SpriteManager</Filter>
    </ClInclude>
    <ClInclude Include="GameTime.h">
      <Filter>Basic\GameTime</Filter>
    </ClInclude>
    <ClInclude Include="GameDirectX.h">
      <Filter>Basic\GameDirectX</Filter>
    </ClInclude>
    <ClInclude Include="FrameAnimation.h">
      <Filter>Basic\FrameAnimation</Filter>
    </ClInclude>
    <ClInclude Include="GameConfiguration.h">
      <Filter>Basic\GameConfig</Filter>
    </ClInclude>
    <ClInclude Include="Collision.h">
      <Filter>Basic\Collision</Filter>
    </ClInclude>
    <ClInclude Include="GameUtils.h">
      <Filter>Basic\GameUtils</Filter>
    </ClInclude>
    <ClInclude Include="MovableRect.h">
      <Filter>Object</Filter>
    </ClInclude>
    <ClInclude Include="Rect.h">
      <Filter>Object</Filter>
    </ClInclude>
    <ClInclude Include="MorningStar.h">
      <Filter>Object\MorningStar</Filter>
    </ClInclude>
    <ClInclude Include="Gate1.h">
      <Filter>Object\Gate1</Filter>
    </ClInclude>
    <ClInclude Include="Stair.h">
      <Filter>Object\Stair</Filter>
    </ClInclude>
    <ClInclude Include="Enemy.h">
      <Filter>Object\Enemy</Filter>
    </ClInclude>
    <ClInclude Include="Panther.h">
      <Filter>Object\Enemy\Panther</Filter>
    </ClInclude>
    <ClInclude Include="ScoreBar.h">
      <Filter>Object\Scobar</Filter>
    </ClInclude>
    <ClInclude Include="EndStair.h">
      <Filter>Object\EndStair</Filter>
    </ClInclude>
    <ClInclude Include="Item.h">
      <Filter>Object\Item</Filter>
    </ClInclude>
    <ClInclude Include="ItemHeart.h">
      <Filter>Object\Item\ItemHeart</Filter>
    </ClInclude>
    <ClInclude Include="ExplosionEffect.h">
      <Filter>Header Files</Filter>
    </ClInclude>
  </ItemGroup>
  <ItemGroup>
    <ClCompile Include="WinMain.cpp">
      <Filter>Source Files</Filter>
    </ClCompile>
    <ClCompile Include="PhysicsObject.cpp">
      <Filter>Object</Filter>
    </ClCompile>
    <ClCompile Include="Candle.cpp">
      <Filter>Object\Candle</Filter>
    </ClCompile>
    <ClCompile Include="Fire.cpp">
      <Filter>Object\Fire</Filter>
    </ClCompile>
    <ClCompile Include="Zombie.cpp">
      <Filter>Object\Enemy\Zombie</Filter>
    </ClCompile>
    <ClCompile Include="Player.cpp">
      <Filter>Object\Player</Filter>
    </ClCompile>
    <ClCompile Include="BaseObject.cpp">
      <Filter>Object</Filter>
    </ClCompile>
    <ClCompile Include="Animation.cpp">
      <Filter>Basic\Animation</Filter>
    </ClCompile>
    <ClCompile Include="Camera.cpp">
      <Filter>Basic\Camera</Filter>
    </ClCompile>
    <ClCompile Include="Game.cpp">
      <Filter>Basic</Filter>
    </ClCompile>
    <ClCompile Include="KEY.cpp">
      <Filter>Basic\Key</Filter>
    </ClCompile>
    <ClCompile Include="GameTexture.cpp">
      <Filter>Basic\GameTexture</Filter>
    </ClCompile>
    <ClCompile Include="Sprite.cpp">
      <Filter>Basic\Sprite</Filter>
    </ClCompile>
    <ClCompile Include="Tilemap.cpp">
      <Filter>Basic\Tilemap</Filter>
    </ClCompile>
    <ClCompile Include="World.cpp">
      <Filter>Basic</Filter>
    </ClCompile>
    <ClCompile Include="WindowGame.cpp">
      <Filter>Basic\WindowGame</Filter>
    </ClCompile>
    <ClCompile Include="SpriteManager.cpp">
      <Filter>Basic\SpriteManager</Filter>
    </ClCompile>
    <ClCompile Include="GameTime.cpp">
      <Filter>Basic\GameTime</Filter>
    </ClCompile>
    <ClCompile Include="GameDirectX.cpp">
      <Filter>Basic\GameDirectX</Filter>
    </ClCompile>
    <ClCompile Include="GameConfiguration.cpp">
      <Filter>Basic\GameConfig</Filter>
    </ClCompile>
    <ClCompile Include="Collision.cpp">
      <Filter>Basic\Collision</Filter>
    </ClCompile>
    <ClCompile Include="GameUtils.cpp">
      <Filter>Basic\GameUtils</Filter>
    </ClCompile>
    <ClCompile Include="MovableRect.cpp">
      <Filter>Object</Filter>
    </ClCompile>
    <ClCompile Include="Rect.cpp">
      <Filter>Object</Filter>
    </ClCompile>
    <ClCompile Include="MorningStar.cpp">
      <Filter>Object\MorningStar</Filter>
    </ClCompile>
    <ClCompile Include="Gate1.cpp">
      <Filter>Object\Gate1</Filter>
    </ClCompile>
    <ClCompile Include="Stair.cpp">
      <Filter>Object\Stair</Filter>
    </ClCompile>
    <ClCompile Include="Enemy.cpp">
      <Filter>Object\Enemy</Filter>
    </ClCompile>
    <ClCompile Include="Panther.cpp">
      <Filter>Object\Enemy\Panther</Filter>
    </ClCompile>
    <ClCompile Include="ScoreBar.cpp">
      <Filter>Object\Scobar</Filter>
    </ClCompile>
    <ClCompile Include="EndStair.cpp">
      <Filter>Object\EndStair</Filter>
    </ClCompile>
    <ClCompile Include="Item.cpp">
      <Filter>Object\Item</Filter>
    </ClCompile>
    <ClCompile Include="ItemHeart.cpp">
      <Filter>Object\Item\ItemHeart</Filter>
    </ClCompile>
    <ClCompile Include="ExplosionEffect.cpp">
      <Filter>Source Files</Filter>
    </ClCompile>
  </ItemGroup>
</Project>